
Microsoft Visual Studio Solution File, Format Version 12.00
# Visual Studio Version 17
VisualStudioVersion = 17.2.32526.322
MinimumVisualStudioVersion = 10.0.40219.1
Project("{8BC9CEB8-8B4A-11D0-8D11-00A0C91BC942}") = "App", "App\App.vcxproj", "{40017BA6-83C4-431F-8DC1-D3BB2032DAD2}"
	ProjectSection(ProjectDependencies) = postProject
		{335E1817-529F-4F52-85AC-FD5C8E121414} = {335E1817-529F-4F52-85AC-FD5C8E121414}
	EndProjectSection
EndProject
Project("{8BC9CEB8-8B4A-11D0-8D11-00A0C91BC942}") = "Core", "Core\Core.vcxproj", "{C443B18B-9B20-4371-8FC3-AD1AC8EC1876}"
EndProject
Project("{8BC9CEB8-8B4A-11D0-8D11-00A0C91BC942}") = "Tests", "Tests\Tests.vcxproj", "{84F84633-989D-41BC-91F3-CEBF6DEC85F9}"
EndProject
Project("{8BC9CEB8-8B4A-11D0-8D11-00A0C91BC942}") = "Renderer", "Renderer\Renderer.vcxproj", "{4742AFE9-8CBF-4DDA-856C-026BE8A14B0B}"
EndProject
Project("{8BC9CEB8-8B4A-11D0-8D11-00A0C91BC942}") = "Asset", "Asset\Asset.vcxproj", "{4EF2ADE8-E97F-481C-B140-938A294F007F}"
EndProject
Project("{8BC9CEB8-8B4A-11D0-8D11-00A0C91BC942}") = "Pipeline", "Pipeline\Pipeline.vcxproj", "{335E1817-529F-4F52-85AC-FD5C8E121414}"
EndProject
Global
	GlobalSection(SolutionConfigurationPlatforms) = preSolution
		Debug|x64 = Debug|x64
		Debug|x86 = Debug|x86
		Release|x64 = Release|x64
		Release|x86 = Release|x86
	EndGlobalSection
	GlobalSection(ProjectConfigurationPlatforms) = postSolution
		{40017BA6-83C4-431F-8DC1-D3BB2032DAD2}.Debug|x64.ActiveCfg = Debug|x64
		{40017BA6-83C4-431F-8DC1-D3BB2032DAD2}.Debug|x64.Build.0 = Debug|x64
		{40017BA6-83C4-431F-8DC1-D3BB2032DAD2}.Debug|x86.ActiveCfg = Debug|Win32
		{40017BA6-83C4-431F-8DC1-D3BB2032DAD2}.Debug|x86.Build.0 = Debug|Win32
		{40017BA6-83C4-431F-8DC1-D3BB2032DAD2}.Release|x64.ActiveCfg = Release|x64
		{40017BA6-83C4-431F-8DC1-D3BB2032DAD2}.Release|x64.Build.0 = Release|x64
		{40017BA6-83C4-431F-8DC1-D3BB2032DAD2}.Release|x86.ActiveCfg = Release|Win32
		{40017BA6-83C4-431F-8DC1-D3BB2032DAD2}.Release|x86.Build.0 = Release|Win32
		{C443B18B-9B20-4371-8FC3-AD1AC8EC1876}.Debug|x64.ActiveCfg = Debug|x64
		{C443B18B-9B20-4371-8FC3-AD1AC8EC1876}.Debug|x64.Build.0 = Debug|x64
		{C443B18B-9B20-4371-8FC3-AD1AC8EC1876}.Debug|x86.ActiveCfg = Debug|Win32
		{C443B18B-9B20-4371-8FC3-AD1AC8EC1876}.Debug|x86.Build.0 = Debug|Win32
		{C443B18B-9B20-4371-8FC3-AD1AC8EC1876}.Release|x64.ActiveCfg = Release|x64
		{C443B18B-9B20-4371-8FC3-AD1AC8EC1876}.Release|x64.Build.0 = Release|x64
		{C443B18B-9B20-4371-8FC3-AD1AC8EC1876}.Release|x86.ActiveCfg = Release|Win32
		{C443B18B-9B20-4371-8FC3-AD1AC8EC1876}.Release|x86.Build.0 = Release|Win32
		{84F84633-989D-41BC-91F3-CEBF6DEC85F9}.Debug|x64.ActiveCfg = Debug|x64
		{84F84633-989D-41BC-91F3-CEBF6DEC85F9}.Debug|x64.Build.0 = Debug|x64
		{84F84633-989D-41BC-91F3-CEBF6DEC85F9}.Debug|x86.ActiveCfg = Debug|Win32
		{84F84633-989D-41BC-91F3-CEBF6DEC85F9}.Debug|x86.Build.0 = Debug|Win32
		{84F84633-989D-41BC-91F3-CEBF6DEC85F9}.Release|x64.ActiveCfg = Release|x64
		{84F84633-989D-41BC-91F3-CEBF6DEC85F9}.Release|x64.Build.0 = Release|x64
		{84F84633-989D-41BC-91F3-CEBF6DEC85F9}.Release|x86.ActiveCfg = Release|Win32
		{84F84633-989D-41BC-91F3-CEBF6DEC85F9}.Release|x86.Build.0 = Release|Win32
		{4742AFE9-8CBF-4DDA-856C-026BE8A14B0B}.Debug|x64.ActiveCfg = Debug|x64
		{4742AFE9-8CBF-4DDA-856C-026BE8A14B0B}.Debug|x64.Build.0 = Debug|x64
		{4742AFE9-8CBF-4DDA-856C-026BE8A14B0B}.Debug|x86.ActiveCfg = Debug|Win32
		{4742AFE9-8CBF-4DDA-856C-026BE8A14B0B}.Debug|x86.Build.0 = Debug|Win32
		{4742AFE9-8CBF-4DDA-856C-026BE8A14B0B}.Release|x64.ActiveCfg = Release|x64
		{4742AFE9-8CBF-4DDA-856C-026BE8A14B0B}.Release|x64.Build.0 = Release|x64
		{4742AFE9-8CBF-4DDA-856C-026BE8A14B0B}.Release|x86.ActiveCfg = Release|Win32
		{4742AFE9-8CBF-4DDA-856C-026BE8A14B0B}.Release|x86.Build.0 = Release|Win32
		{4EF2ADE8-E97F-481C-B140-938A294F007F}.Debug|x64.ActiveCfg = Debug|x64
		{4EF2ADE8-E97F-481C-B140-938A294F007F}.Debug|x64.Build.0 = Debug|x64
		{4EF2ADE8-E97F-481C-B140-938A294F007F}.Debug|x86.ActiveCfg = Debug|Win32
		{4EF2ADE8-E97F-481C-B140-938A294F007F}.Debug|x86.Build.0 = Debug|Win32
		{4EF2ADE8-E97F-481C-B140-938A294F007F}.Release|x64.ActiveCfg = Release|x64
		{4EF2ADE8-E97F-481C-B140-938A294F007F}.Release|x64.Build.0 = Release|x64
		{4EF2ADE8-E97F-481C-B140-938A294F007F}.Release|x86.ActiveCfg = Release|Win32
		{4EF2ADE8-E97F-481C-B140-938A294F007F}.Release|x86.Build.0 = Release|Win32
		{335E1817-529F-4F52-85AC-FD5C8E121414}.Debug|x64.ActiveCfg = Debug|x64
		{335E1817-529F-4F52-85AC-FD5C8E121414}.Debug|x64.Build.0 = Debug|x64
		{335E1817-529F-4F52-85AC-FD5C8E121414}.Debug|x86.ActiveCfg = Debug|Win32
		{335E1817-529F-4F52-85AC-FD5C8E121414}.Debug|x86.Build.0 = Debug|Win32
		{335E1817-529F-4F52-85AC-FD5C8E121414}.Release|x64.ActiveCfg = Release|x64
		{335E1817-529F-4F52-85AC-FD5C8E121414}.Release|x64.Build.0 = Release|x64
		{335E1817-529F-4F52-85AC-FD5C8E121414}.Release|x86.ActiveCfg = Release|Win32
		{335E1817-529F-4F52-85AC-FD5C8E121414}.Release|x86.Build.0 = Release|Win32
	EndGlobalSection
	GlobalSection(SolutionProperties) = preSolution
		HideSolutionNode = FALSE
	EndGlobalSection
	GlobalSection(ExtensibilityGlobals) = postSolution
		SolutionGuid = {433E672D-139C-4B84-8BFC-848F5C6CE0BC}
	EndGlobalSection
EndGlobal
