
Microsoft Visual Studio Solution File, Format Version 12.00
# Visual Studio Version 17
VisualStudioVersion = 17.2.32526.322
MinimumVisualStudioVersion = 10.0.40219.1
Project("{8BC9CEB8-8B4A-11D0-8D11-00A0C91BC942}") = "App", "App\App.vcxproj", "{40017BA6-83C4-431F-8DC1-D3BB2032DAD2}"
	ProjectSection(ProjectDependencies) = postProject
		{335E1817-529F-4F52-85AC-FD5C8E121414} = {335E1817-529F-4F52-85AC-FD5C8E121414}
	EndProjectSection
EndProject
Project("{8BC9CEB8-8B4A-11D0-8D11-00A0C91BC942}") = "Core", "Core\Core.vcxproj", "{C443B18B-9B20-4371-8FC3-AD1AC8EC1876}"
EndProject
Project("{8BC9CEB8-8B4A-11D0-8D11-00A0C91BC942}") = "Tests", "Tests\Tests.vcxproj", "{84F84633-989D-41BC-91F3-CEBF6DEC85F9}"
EndProject
Project("{8BC9CEB8-8B4A-11D0-8D11-00A0C91BC942}") = "Renderer", "Renderer\Renderer.vcxproj", "{4742AFE9-8CBF-4DDA-856C-026BE8A14B0B}"
EndProject
Project("{8BC9CEB8-8B4A-11D0-8D11-00A0C91BC942}") = "Asset", "Asset\Asset.vcxproj", "{4EF2ADE8-E97F-481C-B140-938A294F007F}"
EndProject
Project("{8BC9CEB8-8B4A-11D0-8D11-00A0C91BC942}") = "Pipeline", "Pipeline\Pipeline.vcxproj", "{335E1817-529F-4F52-85AC-FD5C8E121414}"
EndProject
Project("{2150E333-8FDC-42A3-9474-1A3956D46DE8}") = "Shaders", "Shaders", "{FB4061FF-DBF9-499B-9C03-60CC9DB5DA7D}"
	ProjectSection(SolutionItems) = preProject
		Data\Shaders\AccumulateRTCS.hlsl = Data\Shaders\AccumulateRTCS.hlsl
		Data\Shaders\Common.hlsli = Data\Shaders\Common.hlsli
		Data\Shaders\BlurCS.hlsl = Data\Shaders\BlurCS.hlsl
		Data\Shaders\DefaultAnimationVS.hlsl = Data\Shaders\DefaultAnimationVS.hlsl
		Data\Shaders\DefaultPS.hlsl = Data\Shaders\DefaultPS.hlsl
		Data\Shaders\DefaultVS.hlsl = Data\Shaders\DefaultVS.hlsl
		Data\Shaders\Lighting.hlsli = Data\Shaders\Lighting.hlsli
		Data\Shaders\RayTraceCS.hlsl = Data\Shaders\RayTraceCS.hlsl
		Data\Shaders\Raytracing.hlsl = Data\Shaders\Raytracing.hlsl
		Data\Shaders\SkyboxPS.hlsl = Data\Shaders\SkyboxPS.hlsl
		Data\Shaders\SkyboxVS.hlsl = Data\Shaders\SkyboxVS.hlsl
	EndProjectSection
EndProject
Project("{2150E333-8FDC-42A3-9474-1A3956D46DE8}") = "Configs", "Configs", "{FED8DB46-B1A0-4EBE-903B-26FD2097CBDC}"
	ProjectSection(SolutionItems) = preProject
		Data\Configs\Materials.json = Data\Configs\Materials.json
		Data\Configs\ShaderConfig.json = Data\Configs\ShaderConfig.json
	EndProjectSection
EndProject
Project("{2150E333-8FDC-42A3-9474-1A3956D46DE8}") = "Data", "Data", "{89889E4A-215D-4B2E-8BC7-691688268327}"
EndProject
Global
	GlobalSection(SolutionConfigurationPlatforms) = preSolution
		Debug|x64 = Debug|x64
		Debug|x86 = Debug|x86
		Release|x64 = Release|x64
		Release|x86 = Release|x86
	EndGlobalSection
	GlobalSection(ProjectConfigurationPlatforms) = postSolution
		{40017BA6-83C4-431F-8DC1-D3BB2032DAD2}.Debug|x64.ActiveCfg = Debug|x64
		{40017BA6-83C4-431F-8DC1-D3BB2032DAD2}.Debug|x64.Build.0 = Debug|x64
		{40017BA6-83C4-431F-8DC1-D3BB2032DAD2}.Debug|x86.ActiveCfg = Debug|Win32
		{40017BA6-83C4-431F-8DC1-D3BB2032DAD2}.Debug|x86.Build.0 = Debug|Win32
		{40017BA6-83C4-431F-8DC1-D3BB2032DAD2}.Release|x64.ActiveCfg = Release|x64
		{40017BA6-83C4-431F-8DC1-D3BB2032DAD2}.Release|x64.Build.0 = Release|x64
		{40017BA6-83C4-431F-8DC1-D3BB2032DAD2}.Release|x86.ActiveCfg = Release|Win32
		{40017BA6-83C4-431F-8DC1-D3BB2032DAD2}.Release|x86.Build.0 = Release|Win32
		{C443B18B-9B20-4371-8FC3-AD1AC8EC1876}.Debug|x64.ActiveCfg = Debug|x64
		{C443B18B-9B20-4371-8FC3-AD1AC8EC1876}.Debug|x64.Build.0 = Debug|x64
		{C443B18B-9B20-4371-8FC3-AD1AC8EC1876}.Debug|x86.ActiveCfg = Debug|Win32
		{C443B18B-9B20-4371-8FC3-AD1AC8EC1876}.Debug|x86.Build.0 = Debug|Win32
		{C443B18B-9B20-4371-8FC3-AD1AC8EC1876}.Release|x64.ActiveCfg = Release|x64
		{C443B18B-9B20-4371-8FC3-AD1AC8EC1876}.Release|x64.Build.0 = Release|x64
		{C443B18B-9B20-4371-8FC3-AD1AC8EC1876}.Release|x86.ActiveCfg = Release|Win32
		{C443B18B-9B20-4371-8FC3-AD1AC8EC1876}.Release|x86.Build.0 = Release|Win32
		{84F84633-989D-41BC-91F3-CEBF6DEC85F9}.Debug|x64.ActiveCfg = Debug|x64
		{84F84633-989D-41BC-91F3-CEBF6DEC85F9}.Debug|x64.Build.0 = Debug|x64
		{84F84633-989D-41BC-91F3-CEBF6DEC85F9}.Debug|x86.ActiveCfg = Debug|Win32
		{84F84633-989D-41BC-91F3-CEBF6DEC85F9}.Debug|x86.Build.0 = Debug|Win32
		{84F84633-989D-41BC-91F3-CEBF6DEC85F9}.Release|x64.ActiveCfg = Release|x64
		{84F84633-989D-41BC-91F3-CEBF6DEC85F9}.Release|x64.Build.0 = Release|x64
		{84F84633-989D-41BC-91F3-CEBF6DEC85F9}.Release|x86.ActiveCfg = Release|Win32
		{84F84633-989D-41BC-91F3-CEBF6DEC85F9}.Release|x86.Build.0 = Release|Win32
		{4742AFE9-8CBF-4DDA-856C-026BE8A14B0B}.Debug|x64.ActiveCfg = Debug|x64
		{4742AFE9-8CBF-4DDA-856C-026BE8A14B0B}.Debug|x64.Build.0 = Debug|x64
		{4742AFE9-8CBF-4DDA-856C-026BE8A14B0B}.Debug|x86.ActiveCfg = Debug|Win32
		{4742AFE9-8CBF-4DDA-856C-026BE8A14B0B}.Debug|x86.Build.0 = Debug|Win32
		{4742AFE9-8CBF-4DDA-856C-026BE8A14B0B}.Release|x64.ActiveCfg = Release|x64
		{4742AFE9-8CBF-4DDA-856C-026BE8A14B0B}.Release|x64.Build.0 = Release|x64
		{4742AFE9-8CBF-4DDA-856C-026BE8A14B0B}.Release|x86.ActiveCfg = Release|Win32
		{4742AFE9-8CBF-4DDA-856C-026BE8A14B0B}.Release|x86.Build.0 = Release|Win32
		{4EF2ADE8-E97F-481C-B140-938A294F007F}.Debug|x64.ActiveCfg = Debug|x64
		{4EF2ADE8-E97F-481C-B140-938A294F007F}.Debug|x64.Build.0 = Debug|x64
		{4EF2ADE8-E97F-481C-B140-938A294F007F}.Debug|x86.ActiveCfg = Debug|Win32
		{4EF2ADE8-E97F-481C-B140-938A294F007F}.Debug|x86.Build.0 = Debug|Win32
		{4EF2ADE8-E97F-481C-B140-938A294F007F}.Release|x64.ActiveCfg = Release|x64
		{4EF2ADE8-E97F-481C-B140-938A294F007F}.Release|x64.Build.0 = Release|x64
		{4EF2ADE8-E97F-481C-B140-938A294F007F}.Release|x86.ActiveCfg = Release|Win32
		{4EF2ADE8-E97F-481C-B140-938A294F007F}.Release|x86.Build.0 = Release|Win32
		{335E1817-529F-4F52-85AC-FD5C8E121414}.Debug|x64.ActiveCfg = Debug|x64
		{335E1817-529F-4F52-85AC-FD5C8E121414}.Debug|x64.Build.0 = Debug|x64
		{335E1817-529F-4F52-85AC-FD5C8E121414}.Debug|x86.ActiveCfg = Debug|Win32
		{335E1817-529F-4F52-85AC-FD5C8E121414}.Debug|x86.Build.0 = Debug|Win32
		{335E1817-529F-4F52-85AC-FD5C8E121414}.Release|x64.ActiveCfg = Release|x64
		{335E1817-529F-4F52-85AC-FD5C8E121414}.Release|x64.Build.0 = Release|x64
		{335E1817-529F-4F52-85AC-FD5C8E121414}.Release|x86.ActiveCfg = Release|Win32
		{335E1817-529F-4F52-85AC-FD5C8E121414}.Release|x86.Build.0 = Release|Win32
	EndGlobalSection
	GlobalSection(SolutionProperties) = preSolution
		HideSolutionNode = FALSE
	EndGlobalSection
	GlobalSection(NestedProjects) = preSolution
		{FB4061FF-DBF9-499B-9C03-60CC9DB5DA7D} = {89889E4A-215D-4B2E-8BC7-691688268327}
		{FED8DB46-B1A0-4EBE-903B-26FD2097CBDC} = {89889E4A-215D-4B2E-8BC7-691688268327}
	EndGlobalSection
	GlobalSection(ExtensibilityGlobals) = postSolution
		SolutionGuid = {433E672D-139C-4B84-8BFC-848F5C6CE0BC}
	EndGlobalSection
EndGlobal
